github.com/yoruba-codigy/goTelegram v0.0.0-20210430092300-5203ac09db9a h1:2+3cFvDkw2pv+ZGBe3aVkm1bbS8EfAwMf44KVeFG1js=
github.com/yoruba-codigy/goTelegram v0.0.0-20210430092300-5203ac09db9a/go.mod h1:7zRat7Ztm5vXcPOGR27pRHsaZxGJ6eaPf5mYFpUv8jM=
github.com/yoruba-codigy/goTelegram v0.0.0-20210503145516-7d8a9d8aa211 h1:eL69u0X4gKsFLPzhKMMqT914QazNtYyOjEAG7BzTxtk=
github.com/yoruba-codigy/goTelegram v0.0.0-20210503145516-7d8a9d8aa211/go.mod h1:7zRat7Ztm5vXcPOGR27pRHsaZxGJ6eaPf5mYFpUv8jM=
github.com/yoruba-codigy/goTelegram v0.0.0-20210505104534-21e91aab8f46 h1:rRdTdfoAortK3nxc4F5fqOjB5M82Ph6hexz1BAPkrKw=
github.com/yoruba-codigy/goTelegram v0.0.0-20210505104534-21e91aab8f46/go.mod h1:7zRat7Ztm5vXcPOGR27pRHsaZxGJ6eaPf5mYFpUv8jM=
github.com/yoruba-codigy/goTelegram v0.0.0-20210505190503-f4c381a720b0 h1:SqySxiUj8exkcvsNWDtsTIoJMvq2yHr9JBR2l5X8YB4=
github.com/yoruba-codigy/goTelegram v0.0.0-20210505190503-f4c381a720b0/go.mod h1:7zRat7Ztm5vXcPOGR27pRHsaZxGJ6eaPf5mYFpUv8jM=
